// !$*UTF8*$!
{
	archiveVersion = 1;
	classes = {
	};
	objectVersion = 50;
	objects = {

/* Begin PBXBuildFile section */
		7A4B962B246E67A8002FBE60 /* UIImage+YTWaterMark.m in Sources */ = {isa = PBXBuildFile; fileRef = 7A4B962A246E67A8002FBE60 /* UIImage+YTWaterMark.m */; };
		7A5945D7247236B000E3EAC3 /* NSBundle+YTBundle.m in Sources */ = {isa = PBXBuildFile; fileRef = 7A5945D5247236B000E3EAC3 /* NSBundle+YTBundle.m */; };
		7A839C542473F86000AC49ED /* YTKeyBoardTextField.m in Sources */ = {isa = PBXBuildFile; fileRef = 7A839C502473F86000AC49ED /* YTKeyBoardTextField.m */; };
		7A839C552473F86000AC49ED /* YTKeyBoardView.m in Sources */ = {isa = PBXBuildFile; fileRef = 7A839C532473F86000AC49ED /* YTKeyBoardView.m */; };
		7AA45B58246D061A002D9801 /* YTDevelopTools.h in CopyFiles */ = {isa = PBXBuildFile; fileRef = 7AA45B55246D061A002D9801 /* YTDevelopTools.h */; };
		7AA45B60246D0874002D9801 /* YTSystemAlertController.m in Sources */ = {isa = PBXBuildFile; fileRef = 7AA45B5F246D0874002D9801 /* YTSystemAlertController.m */; };
		7AA45B7A246D0E9E002D9801 /* YTSystemAlertController.h in CopyFiles */ = {isa = PBXBuildFile; fileRef = 7AA45B5E246D0874002D9801 /* YTSystemAlertController.h */; };
		7AE23C79248F5ADC00D5C07F /* YTPlaceholderTextView.m in Sources */ = {isa = PBXBuildFile; fileRef = 7AE23C78248F5ADC00D5C07F /* YTPlaceholderTextView.m */; };
		BE0CB17A26A126F20085F815 /* UIView+YTShadowCorner.m in Sources */ = {isa = PBXBuildFile; fileRef = BE0CB17926A126F20085F815 /* UIView+YTShadowCorner.m */; };
		BE0CB18326A12D300085F815 /* NSArray+YTSafe.m in Sources */ = {isa = PBXBuildFile; fileRef = BE0CB18226A12D300085F815 /* NSArray+YTSafe.m */; };
		BE0CB18A26A144120085F815 /* NSString+YTCheck.m in Sources */ = {isa = PBXBuildFile; fileRef = BE0CB18926A144120085F815 /* NSString+YTCheck.m */; };
		BE0CB18F26A16DAF0085F815 /* NSDateFormatter+YTFormatter.m in Sources */ = {isa = PBXBuildFile; fileRef = BE0CB18E26A16DAF0085F815 /* NSDateFormatter+YTFormatter.m */; };
		BE0CB19226A16E430085F815 /* NSString+YTSize.m in Sources */ = {isa = PBXBuildFile; fileRef = BE0CB19126A16E430085F815 /* NSString+YTSize.m */; };
		BE25D40526A18F2600FF0C34 /* YTPickerBaseView.m in Sources */ = {isa = PBXBuildFile; fileRef = BE25D40026A18F2600FF0C34 /* YTPickerBaseView.m */; };
		BE25D40626A18F2600FF0C34 /* YTSinglePickerView.m in Sources */ = {isa = PBXBuildFile; fileRef = BE25D40326A18F2600FF0C34 /* YTSinglePickerView.m */; };
		BE25D40726A18F2600FF0C34 /* YTDatePickerView.m in Sources */ = {isa = PBXBuildFile; fileRef = BE25D40426A18F2600FF0C34 /* YTDatePickerView.m */; };
		BE25D40A26A6A3D100FF0C34 /* NSObject+YTRandom.m in Sources */ = {isa = PBXBuildFile; fileRef = BE25D40926A6A3D100FF0C34 /* NSObject+YTRandom.m */; };
		BE25D41526A7CE1900FF0C34 /* UIImage+YTQRCode.m in Sources */ = {isa = PBXBuildFile; fileRef = BE25D41326A7CE1900FF0C34 /* UIImage+YTQRCode.m */; };
		BEC992A7267C6F54004E430F /* YTCodeFactory.m in Sources */ = {isa = PBXBuildFile; fileRef = BEC992A6267C6F54004E430F /* YTCodeFactory.m */; };
		BEC992BA267C828C004E430F /* UILabel+YTFastLabel.m in Sources */ = {isa = PBXBuildFile; fileRef = BEC992B8267C828C004E430F /* UILabel+YTFastLabel.m */; };
		D51583E524C5660A00A783B0 /* YTBezierDrawView.m in Sources */ = {isa = PBXBuildFile; fileRef = D51583E324C5660A00A783B0 /* YTBezierDrawView.m */; };
		D51583E624C5660A00A783B0 /* YTBezierDrawPath.m in Sources */ = {isa = PBXBuildFile; fileRef = D51583E424C5660A00A783B0 /* YTBezierDrawPath.m */; };
		D53849F924A3271F0074120F /* YTRotatingImageView.m in Sources */ = {isa = PBXBuildFile; fileRef = D53849F724A3271F0074120F /* YTRotatingImageView.m */; };
		D5384A0224A338070074120F /* YTRotatingView.m in Sources */ = {isa = PBXBuildFile; fileRef = D5384A0024A338070074120F /* YTRotatingView.m */; };
		D538528324A1A6870058827F /* UIColor+YTAdapter.m in Sources */ = {isa = PBXBuildFile; fileRef = D538528124A1A6870058827F /* UIColor+YTAdapter.m */; };
		D538528624A1A7590058827F /* YTAssistiveTouchView.m in Sources */ = {isa = PBXBuildFile; fileRef = D538528524A1A7590058827F /* YTAssistiveTouchView.m */; };
		D53852AE24A1B36A0058827F /* YTPermissionMediaPlayer.m in Sources */ = {isa = PBXBuildFile; fileRef = D53852AD24A1B36A0058827F /* YTPermissionMediaPlayer.m */; };
		D53852B124A1B5AA0058827F /* YTPermissionPhotos.m in Sources */ = {isa = PBXBuildFile; fileRef = D53852B024A1B5AA0058827F /* YTPermissionPhotos.m */; };
		D53852B424A1B6830058827F /* YTPermissionContacts.m in Sources */ = {isa = PBXBuildFile; fileRef = D53852B324A1B6830058827F /* YTPermissionContacts.m */; };
		D53852B724A1BF620058827F /* YTPermissionEventKit.m in Sources */ = {isa = PBXBuildFile; fileRef = D53852B624A1BF620058827F /* YTPermissionEventKit.m */; };
/* End PBXBuildFile section */

/* Begin PBXCopyFilesBuildPhase section */
		7AA45B50246D061A002D9801 /* CopyFiles */ = {
			isa = PBXCopyFilesBuildPhase;
			buildActionMask = 2147483647;
			dstPath = "include/$(PRODUCT_NAME)";
			dstSubfolderSpec = 16;
			files = (
				7AA45B7A246D0E9E002D9801 /* YTSystemAlertController.h in CopyFiles */,
				7AA45B58246D061A002D9801 /* YTDevelopTools.h in CopyFiles */,
			);
			runOnlyForDeploymentPostprocessing = 0;
		};
/* End PBXCopyFilesBuildPhase section */

/* Begin PBXFileReference section */
		049BF9AA265CB08300A73EDA /* YTPermissionTool.h */ = {isa = PBXFileReference; lastKnownFileType = sourcecode.c.h; path = YTPermissionTool.h; sourceTree = "<group>"; };
		7A4B9629246E67A8002FBE60 /* UIImage+YTWaterMark.h */ = {isa = PBXFileReference; fileEncoding = 4; lastKnownFileType = sourcecode.c.h; path = "UIImage+YTWaterMark.h"; sourceTree = "<group>"; };
		7A4B962A246E67A8002FBE60 /* UIImage+YTWaterMark.m */ = {isa = PBXFileReference; fileEncoding = 4; lastKnownFileType = sourcecode.c.objc; path = "UIImage+YTWaterMark.m"; sourceTree = "<group>"; };
		7A5945D5247236B000E3EAC3 /* NSBundle+YTBundle.m */ = {isa = PBXFileReference; fileEncoding = 4; lastKnownFileType = sourcecode.c.objc; path = "NSBundle+YTBundle.m"; sourceTree = "<group>"; };
		7A5945D6247236B000E3EAC3 /* NSBundle+YTBundle.h */ = {isa = PBXFileReference; fileEncoding = 4; lastKnownFileType = sourcecode.c.h; path = "NSBundle+YTBundle.h"; sourceTree = "<group>"; };
		7A67FA5B2472D45A001CD16E /* YTDevelopTools.bundle */ = {isa = PBXFileReference; lastKnownFileType = "wrapper.plug-in"; path = YTDevelopTools.bundle; sourceTree = "<group>"; };
		7A839C502473F86000AC49ED /* YTKeyBoardTextField.m */ = {isa = PBXFileReference; fileEncoding = 4; lastKnownFileType = sourcecode.c.objc; path = YTKeyBoardTextField.m; sourceTree = "<group>"; };
		7A839C512473F86000AC49ED /* YTKeyBoardView.h */ = {isa = PBXFileReference; fileEncoding = 4; lastKnownFileType = sourcecode.c.h; path = YTKeyBoardView.h; sourceTree = "<group>"; };
		7A839C522473F86000AC49ED /* YTKeyBoardTextField.h */ = {isa = PBXFileReference; fileEncoding = 4; lastKnownFileType = sourcecode.c.h; path = YTKeyBoardTextField.h; sourceTree = "<group>"; };
		7A839C532473F86000AC49ED /* YTKeyBoardView.m */ = {isa = PBXFileReference; fileEncoding = 4; lastKnownFileType = sourcecode.c.objc; path = YTKeyBoardView.m; sourceTree = "<group>"; };
		7AA45B52246D061A002D9801 /* libYTDevelopTools.a */ = {isa = PBXFileReference; explicitFileType = archive.ar; includeInIndex = 0; path = libYTDevelopTools.a; sourceTree = BUILT_PRODUCTS_DIR; };
		7AA45B55246D061A002D9801 /* YTDevelopTools.h */ = {isa = PBXFileReference; lastKnownFileType = sourcecode.c.h; path = YTDevelopTools.h; sourceTree = "<group>"; };
		7AA45B5E246D0874002D9801 /* YTSystemAlertController.h */ = {isa = PBXFileReference; fileEncoding = 4; lastKnownFileType = sourcecode.c.h; path = YTSystemAlertController.h; sourceTree = "<group>"; };
		7AA45B5F246D0874002D9801 /* YTSystemAlertController.m */ = {isa = PBXFileReference; fileEncoding = 4; lastKnownFileType = sourcecode.c.objc; path = YTSystemAlertController.m; sourceTree = "<group>"; };
		7AE23C77248F5ADC00D5C07F /* YTPlaceholderTextView.h */ = {isa = PBXFileReference; fileEncoding = 4; lastKnownFileType = sourcecode.c.h; path = YTPlaceholderTextView.h; sourceTree = "<group>"; };
		7AE23C78248F5ADC00D5C07F /* YTPlaceholderTextView.m */ = {isa = PBXFileReference; fileEncoding = 4; lastKnownFileType = sourcecode.c.objc; path = YTPlaceholderTextView.m; sourceTree = "<group>"; };
		BE0CB17826A126F20085F815 /* UIView+YTShadowCorner.h */ = {isa = PBXFileReference; fileEncoding = 4; lastKnownFileType = sourcecode.c.h; path = "UIView+YTShadowCorner.h"; sourceTree = "<group>"; };
		BE0CB17926A126F20085F815 /* UIView+YTShadowCorner.m */ = {isa = PBXFileReference; fileEncoding = 4; lastKnownFileType = sourcecode.c.objc; path = "UIView+YTShadowCorner.m"; sourceTree = "<group>"; };
		BE0CB17B26A128850085F815 /* YTMacrosHeader.h */ = {isa = PBXFileReference; lastKnownFileType = sourcecode.c.h; path = YTMacrosHeader.h; sourceTree = "<group>"; };
		BE0CB17C26A1295F0085F815 /* YTMethodHeader.h */ = {isa = PBXFileReference; lastKnownFileType = sourcecode.c.h; path = YTMethodHeader.h; sourceTree = "<group>"; };
		BE0CB18126A12D300085F815 /* NSArray+YTSafe.h */ = {isa = PBXFileReference; fileEncoding = 4; lastKnownFileType = sourcecode.c.h; path = "NSArray+YTSafe.h"; sourceTree = "<group>"; };
		BE0CB18226A12D300085F815 /* NSArray+YTSafe.m */ = {isa = PBXFileReference; fileEncoding = 4; lastKnownFileType = sourcecode.c.objc; path = "NSArray+YTSafe.m"; sourceTree = "<group>"; };
		BE0CB18826A144120085F815 /* NSString+YTCheck.h */ = {isa = PBXFileReference; fileEncoding = 4; lastKnownFileType = sourcecode.c.h; path = "NSString+YTCheck.h"; sourceTree = "<group>"; };
		BE0CB18926A144120085F815 /* NSString+YTCheck.m */ = {isa = PBXFileReference; fileEncoding = 4; lastKnownFileType = sourcecode.c.objc; path = "NSString+YTCheck.m"; sourceTree = "<group>"; };
		BE0CB18D26A16DAF0085F815 /* NSDateFormatter+YTFormatter.h */ = {isa = PBXFileReference; fileEncoding = 4; lastKnownFileType = sourcecode.c.h; path = "NSDateFormatter+YTFormatter.h"; sourceTree = "<group>"; };
		BE0CB18E26A16DAF0085F815 /* NSDateFormatter+YTFormatter.m */ = {isa = PBXFileReference; fileEncoding = 4; lastKnownFileType = sourcecode.c.objc; path = "NSDateFormatter+YTFormatter.m"; sourceTree = "<group>"; };
		BE0CB19026A16E430085F815 /* NSString+YTSize.h */ = {isa = PBXFileReference; lastKnownFileType = sourcecode.c.h; path = "NSString+YTSize.h"; sourceTree = "<group>"; };
		BE0CB19126A16E430085F815 /* NSString+YTSize.m */ = {isa = PBXFileReference; lastKnownFileType = sourcecode.c.objc; path = "NSString+YTSize.m"; sourceTree = "<group>"; };
		BE25D3FF26A18F2600FF0C34 /* YTSinglePickerView.h */ = {isa = PBXFileReference; fileEncoding = 4; lastKnownFileType = sourcecode.c.h; path = YTSinglePickerView.h; sourceTree = "<group>"; };
		BE25D40026A18F2600FF0C34 /* YTPickerBaseView.m */ = {isa = PBXFileReference; fileEncoding = 4; lastKnownFileType = sourcecode.c.objc; path = YTPickerBaseView.m; sourceTree = "<group>"; };
		BE25D40126A18F2600FF0C34 /* YTDatePickerView.h */ = {isa = PBXFileReference; fileEncoding = 4; lastKnownFileType = sourcecode.c.h; path = YTDatePickerView.h; sourceTree = "<group>"; };
		BE25D40226A18F2600FF0C34 /* YTPickerBaseView.h */ = {isa = PBXFileReference; fileEncoding = 4; lastKnownFileType = sourcecode.c.h; path = YTPickerBaseView.h; sourceTree = "<group>"; };
		BE25D40326A18F2600FF0C34 /* YTSinglePickerView.m */ = {isa = PBXFileReference; fileEncoding = 4; lastKnownFileType = sourcecode.c.objc; path = YTSinglePickerView.m; sourceTree = "<group>"; };
		BE25D40426A18F2600FF0C34 /* YTDatePickerView.m */ = {isa = PBXFileReference; fileEncoding = 4; lastKnownFileType = sourcecode.c.objc; path = YTDatePickerView.m; sourceTree = "<group>"; };
		BE25D40826A6A3D100FF0C34 /* NSObject+YTRandom.h */ = {isa = PBXFileReference; fileEncoding = 4; lastKnownFileType = sourcecode.c.h; path = "NSObject+YTRandom.h"; sourceTree = "<group>"; };
		BE25D40926A6A3D100FF0C34 /* NSObject+YTRandom.m */ = {isa = PBXFileReference; fileEncoding = 4; lastKnownFileType = sourcecode.c.objc; path = "NSObject+YTRandom.m"; sourceTree = "<group>"; };
		BE25D41326A7CE1900FF0C34 /* UIImage+YTQRCode.m */ = {isa = PBXFileReference; fileEncoding = 4; lastKnownFileType = sourcecode.c.objc; path = "UIImage+YTQRCode.m"; sourceTree = "<group>"; };
		BE25D41426A7CE1900FF0C34 /* UIImage+YTQRCode.h */ = {isa = PBXFileReference; fileEncoding = 4; lastKnownFileType = sourcecode.c.h; path = "UIImage+YTQRCode.h"; sourceTree = "<group>"; };
		BE5981872672177E00999E64 /* YTUIDesign.h */ = {isa = PBXFileReference; lastKnownFileType = sourcecode.c.h; path = YTUIDesign.h; sourceTree = "<group>"; };
		BE8E34F32660B5A10056FAF8 /* YTCategories.h */ = {isa = PBXFileReference; lastKnownFileType = sourcecode.c.h; path = YTCategories.h; sourceTree = "<group>"; };
		BE8E34FA2660B7C80056FAF8 /* YTExtension.h */ = {isa = PBXFileReference; lastKnownFileType = sourcecode.c.h; path = YTExtension.h; sourceTree = "<group>"; };
		BEC992A2267C6837004E430F /* YTDeviceHeader.h */ = {isa = PBXFileReference; lastKnownFileType = sourcecode.c.h; path = YTDeviceHeader.h; sourceTree = "<group>"; };
		BEC992A5267C6F54004E430F /* YTCodeFactory.h */ = {isa = PBXFileReference; lastKnownFileType = sourcecode.c.h; path = YTCodeFactory.h; sourceTree = "<group>"; };
		BEC992A6267C6F54004E430F /* YTCodeFactory.m */ = {isa = PBXFileReference; lastKnownFileType = sourcecode.c.objc; path = YTCodeFactory.m; sourceTree = "<group>"; };
		BEC992B8267C828C004E430F /* UILabel+YTFastLabel.m */ = {isa = PBXFileReference; fileEncoding = 4; lastKnownFileType = sourcecode.c.objc; path = "UILabel+YTFastLabel.m"; sourceTree = "<group>"; };
		BEC992B9267C828C004E430F /* UILabel+YTFastLabel.h */ = {isa = PBXFileReference; fileEncoding = 4; lastKnownFileType = sourcecode.c.h; path = "UILabel+YTFastLabel.h"; sourceTree = "<group>"; };
		D51583E124C5660A00A783B0 /* YTBezierDrawPath.h */ = {isa = PBXFileReference; fileEncoding = 4; lastKnownFileType = sourcecode.c.h; path = YTBezierDrawPath.h; sourceTree = "<group>"; };
		D51583E224C5660A00A783B0 /* YTBezierDrawView.h */ = {isa = PBXFileReference; fileEncoding = 4; lastKnownFileType = sourcecode.c.h; path = YTBezierDrawView.h; sourceTree = "<group>"; };
		D51583E324C5660A00A783B0 /* YTBezierDrawView.m */ = {isa = PBXFileReference; fileEncoding = 4; lastKnownFileType = sourcecode.c.objc; path = YTBezierDrawView.m; sourceTree = "<group>"; };
		D51583E424C5660A00A783B0 /* YTBezierDrawPath.m */ = {isa = PBXFileReference; fileEncoding = 4; lastKnownFileType = sourcecode.c.objc; path = YTBezierDrawPath.m; sourceTree = "<group>"; };
		D53849F724A3271F0074120F /* YTRotatingImageView.m */ = {isa = PBXFileReference; fileEncoding = 4; lastKnownFileType = sourcecode.c.objc; path = YTRotatingImageView.m; sourceTree = "<group>"; };
		D53849F824A3271F0074120F /* YTRotatingImageView.h */ = {isa = PBXFileReference; fileEncoding = 4; lastKnownFileType = sourcecode.c.h; path = YTRotatingImageView.h; sourceTree = "<group>"; };
		D5384A0024A338070074120F /* YTRotatingView.m */ = {isa = PBXFileReference; fileEncoding = 4; lastKnownFileType = sourcecode.c.objc; path = YTRotatingView.m; sourceTree = "<group>"; };
		D5384A0124A338070074120F /* YTRotatingView.h */ = {isa = PBXFileReference; fileEncoding = 4; lastKnownFileType = sourcecode.c.h; path = YTRotatingView.h; sourceTree = "<group>"; };
		D538528124A1A6870058827F /* UIColor+YTAdapter.m */ = {isa = PBXFileReference; fileEncoding = 4; lastKnownFileType = sourcecode.c.objc; path = "UIColor+YTAdapter.m"; sourceTree = "<group>"; };
		D538528224A1A6870058827F /* UIColor+YTAdapter.h */ = {isa = PBXFileReference; fileEncoding = 4; lastKnownFileType = sourcecode.c.h; path = "UIColor+YTAdapter.h"; sourceTree = "<group>"; };
		D538528424A1A7590058827F /* YTAssistiveTouchView.h */ = {isa = PBXFileReference; fileEncoding = 4; lastKnownFileType = sourcecode.c.h; path = YTAssistiveTouchView.h; sourceTree = "<group>"; };
		D538528524A1A7590058827F /* YTAssistiveTouchView.m */ = {isa = PBXFileReference; fileEncoding = 4; lastKnownFileType = sourcecode.c.objc; path = YTAssistiveTouchView.m; sourceTree = "<group>"; };
		D53852AC24A1B36A0058827F /* YTPermissionMediaPlayer.h */ = {isa = PBXFileReference; lastKnownFileType = sourcecode.c.h; path = YTPermissionMediaPlayer.h; sourceTree = "<group>"; };
		D53852AD24A1B36A0058827F /* YTPermissionMediaPlayer.m */ = {isa = PBXFileReference; lastKnownFileType = sourcecode.c.objc; path = YTPermissionMediaPlayer.m; sourceTree = "<group>"; };
		D53852AF24A1B5AA0058827F /* YTPermissionPhotos.h */ = {isa = PBXFileReference; lastKnownFileType = sourcecode.c.h; path = YTPermissionPhotos.h; sourceTree = "<group>"; };
		D53852B024A1B5AA0058827F /* YTPermissionPhotos.m */ = {isa = PBXFileReference; lastKnownFileType = sourcecode.c.objc; path = YTPermissionPhotos.m; sourceTree = "<group>"; };
		D53852B224A1B6830058827F /* YTPermissionContacts.h */ = {isa = PBXFileReference; lastKnownFileType = sourcecode.c.h; path = YTPermissionContacts.h; sourceTree = "<group>"; };
		D53852B324A1B6830058827F /* YTPermissionContacts.m */ = {isa = PBXFileReference; lastKnownFileType = sourcecode.c.objc; path = YTPermissionContacts.m; sourceTree = "<group>"; };
		D53852B524A1BF620058827F /* YTPermissionEventKit.h */ = {isa = PBXFileReference; lastKnownFileType = sourcecode.c.h; path = YTPermissionEventKit.h; sourceTree = "<group>"; };
		D53852B624A1BF620058827F /* YTPermissionEventKit.m */ = {isa = PBXFileReference; lastKnownFileType = sourcecode.c.objc; path = YTPermissionEventKit.m; sourceTree = "<group>"; };
/* End PBXFileReference section */

/* Begin PBXFrameworksBuildPhase section */
		7AA45B4F246D061A002D9801 /* Frameworks */ = {
			isa = PBXFrameworksBuildPhase;
			buildActionMask = 2147483647;
			files = (
			);
			runOnlyForDeploymentPostprocessing = 0;
		};
/* End PBXFrameworksBuildPhase section */

/* Begin PBXGroup section */
		048F106B265C96C100CCE359 /* PermissionTool */ = {
			isa = PBXGroup;
			children = (
				049BF9AA265CB08300A73EDA /* YTPermissionTool.h */,
				048F1094265C9F2600CCE359 /* PermissionEventKit */,
				048F1093265C9F1600CCE359 /* PermissionContacts */,
				048F1092265C9EF900CCE359 /* PermissionMediaPlayer */,
				048F1091265C9EE400CCE359 /* PermissionPhotos */,
			);
			path = PermissionTool;
			sourceTree = "<group>";
		};
		048F1091265C9EE400CCE359 /* PermissionPhotos */ = {
			isa = PBXGroup;
			children = (
				D53852AF24A1B5AA0058827F /* YTPermissionPhotos.h */,
				D53852B024A1B5AA0058827F /* YTPermissionPhotos.m */,
			);
			path = PermissionPhotos;
			sourceTree = "<group>";
		};
		048F1092265C9EF900CCE359 /* PermissionMediaPlayer */ = {
			isa = PBXGroup;
			children = (
				D53852AC24A1B36A0058827F /* YTPermissionMediaPlayer.h */,
				D53852AD24A1B36A0058827F /* YTPermissionMediaPlayer.m */,
			);
			path = PermissionMediaPlayer;
			sourceTree = "<group>";
		};
		048F1093265C9F1600CCE359 /* PermissionContacts */ = {
			isa = PBXGroup;
			children = (
				D53852B224A1B6830058827F /* YTPermissionContacts.h */,
				D53852B324A1B6830058827F /* YTPermissionContacts.m */,
			);
			path = PermissionContacts;
			sourceTree = "<group>";
		};
		048F1094265C9F2600CCE359 /* PermissionEventKit */ = {
			isa = PBXGroup;
			children = (
				D53852B524A1BF620058827F /* YTPermissionEventKit.h */,
				D53852B624A1BF620058827F /* YTPermissionEventKit.m */,
			);
			path = PermissionEventKit;
			sourceTree = "<group>";
		};
		7A4B95FD246E34AB002FBE60 /* Extension */ = {
			isa = PBXGroup;
			children = (
				BE8E34FA2660B7C80056FAF8 /* YTExtension.h */,
				BE8E34F92660B7AC0056FAF8 /* NSObject */,
			);
			path = Extension;
			sourceTree = "<group>";
		};
		7A5945D82472373300E3EAC3 /* Category */ = {
			isa = PBXGroup;
			children = (
				BE8E34F32660B5A10056FAF8 /* YTCategories.h */,
				BE8E34F72660B6DD0056FAF8 /* UIImage */,
				BE8E34F62660B6B10056FAF8 /* NSBundle */,
				BE8E34F22660B5380056FAF8 /* UIColor */,
				BEC992B7267C8275004E430F /* UILabel */,
				BE0CB17726A126D80085F815 /* UIView */,
				BE0CB18026A12D080085F815 /* NSArray */,
				BE0CB18726A143FF0085F815 /* NSString */,
				BE0CB18C26A16D9E0085F815 /* NSDate */,
				BE25D40B26A6A4A000FF0C34 /* NSObject */,
			);
			path = Category;
			sourceTree = "<group>";
		};
		7AA45B49246D061A002D9801 = {
			isa = PBXGroup;
			children = (
				7AA45B54246D061A002D9801 /* YTDevelopTools */,
				7AA45B53246D061A002D9801 /* Products */,
			);
			sourceTree = "<group>";
		};
		7AA45B53246D061A002D9801 /* Products */ = {
			isa = PBXGroup;
			children = (
				7AA45B52246D061A002D9801 /* libYTDevelopTools.a */,
			);
			name = Products;
			sourceTree = "<group>";
		};
		7AA45B54246D061A002D9801 /* YTDevelopTools */ = {
			isa = PBXGroup;
			children = (
				7AA45B55246D061A002D9801 /* YTDevelopTools.h */,
				7A67FA5B2472D45A001CD16E /* YTDevelopTools.bundle */,
				7A5945D82472373300E3EAC3 /* Category */,
				7A4B95FD246E34AB002FBE60 /* Extension */,
				D53852B824A1C1280058827F /* UIDesign */,
				048F106B265C96C100CCE359 /* PermissionTool */,
				BEC992A1267C6824004E430F /* MacrosHeader */,
			);
			path = YTDevelopTools;
			sourceTree = "<group>";
		};
		BE0CB17726A126D80085F815 /* UIView */ = {
			isa = PBXGroup;
			children = (
				BE0CB17826A126F20085F815 /* UIView+YTShadowCorner.h */,
				BE0CB17926A126F20085F815 /* UIView+YTShadowCorner.m */,
			);
			path = UIView;
			sourceTree = "<group>";
		};
		BE0CB18026A12D080085F815 /* NSArray */ = {
			isa = PBXGroup;
			children = (
				BE0CB18126A12D300085F815 /* NSArray+YTSafe.h */,
				BE0CB18226A12D300085F815 /* NSArray+YTSafe.m */,
			);
			path = NSArray;
			sourceTree = "<group>";
		};
		BE0CB18726A143FF0085F815 /* NSString */ = {
			isa = PBXGroup;
			children = (
				BE0CB18826A144120085F815 /* NSString+YTCheck.h */,
				BE0CB18926A144120085F815 /* NSString+YTCheck.m */,
				BE0CB19026A16E430085F815 /* NSString+YTSize.h */,
				BE0CB19126A16E430085F815 /* NSString+YTSize.m */,
			);
			path = NSString;
			sourceTree = "<group>";
		};
		BE0CB18B26A148850085F815 /* Header */ = {
			isa = PBXGroup;
			children = (
				BEC992A2267C6837004E430F /* YTDeviceHeader.h */,
				BE0CB17C26A1295F0085F815 /* YTMethodHeader.h */,
			);
			path = Header;
			sourceTree = "<group>";
		};
		BE0CB18C26A16D9E0085F815 /* NSDate */ = {
			isa = PBXGroup;
			children = (
				BE0CB18D26A16DAF0085F815 /* NSDateFormatter+YTFormatter.h */,
				BE0CB18E26A16DAF0085F815 /* NSDateFormatter+YTFormatter.m */,
			);
			path = NSDate;
			sourceTree = "<group>";
		};
		BE25D3FE26A18F2600FF0C34 /* PickerView */ = {
			isa = PBXGroup;
			children = (
				BE25D40226A18F2600FF0C34 /* YTPickerBaseView.h */,
				BE25D40026A18F2600FF0C34 /* YTPickerBaseView.m */,
				BE25D40126A18F2600FF0C34 /* YTDatePickerView.h */,
				BE25D40426A18F2600FF0C34 /* YTDatePickerView.m */,
				BE25D3FF26A18F2600FF0C34 /* YTSinglePickerView.h */,
				BE25D40326A18F2600FF0C34 /* YTSinglePickerView.m */,
			);
			path = PickerView;
			sourceTree = "<group>";
		};
		BE25D40B26A6A4A000FF0C34 /* NSObject */ = {
			isa = PBXGroup;
			children = (
				BE25D40826A6A3D100FF0C34 /* NSObject+YTRandom.h */,
				BE25D40926A6A3D100FF0C34 /* NSObject+YTRandom.m */,
			);
			path = NSObject;
			sourceTree = "<group>";
		};
		BE598181267216BC00999E64 /* BezierDrawPath */ = {
			isa = PBXGroup;
			children = (
				D51583E124C5660A00A783B0 /* YTBezierDrawPath.h */,
				D51583E424C5660A00A783B0 /* YTBezierDrawPath.m */,
				D51583E224C5660A00A783B0 /* YTBezierDrawView.h */,
				D51583E324C5660A00A783B0 /* YTBezierDrawView.m */,
			);
			path = BezierDrawPath;
			sourceTree = "<group>";
		};
		BE598183267216DE00999E64 /* RotatingView */ = {
			isa = PBXGroup;
			children = (
				D5384A0124A338070074120F /* YTRotatingView.h */,
				D5384A0024A338070074120F /* YTRotatingView.m */,
				D53849F824A3271F0074120F /* YTRotatingImageView.h */,
				D53849F724A3271F0074120F /* YTRotatingImageView.m */,
			);
			path = RotatingView;
			sourceTree = "<group>";
		};
		BE598184267216F200999E64 /* PlaceholderTextView */ = {
			isa = PBXGroup;
			children = (
				7AE23C77248F5ADC00D5C07F /* YTPlaceholderTextView.h */,
				7AE23C78248F5ADC00D5C07F /* YTPlaceholderTextView.m */,
			);
			path = PlaceholderTextView;
			sourceTree = "<group>";
		};
		BE5981852672171A00999E64 /* AssistiveTouchView */ = {
			isa = PBXGroup;
			children = (
				D538528424A1A7590058827F /* YTAssistiveTouchView.h */,
				D538528524A1A7590058827F /* YTAssistiveTouchView.m */,
			);
			path = AssistiveTouchView;
			sourceTree = "<group>";
		};
		BE5981862672173200999E64 /* KeyBoardTextField */ = {
			isa = PBXGroup;
			children = (
				7A839C522473F86000AC49ED /* YTKeyBoardTextField.h */,
				7A839C502473F86000AC49ED /* YTKeyBoardTextField.m */,
				7A839C512473F86000AC49ED /* YTKeyBoardView.h */,
				7A839C532473F86000AC49ED /* YTKeyBoardView.m */,
			);
			path = KeyBoardTextField;
			sourceTree = "<group>";
		};
		BE8E34F22660B5380056FAF8 /* UIColor */ = {
			isa = PBXGroup;
			children = (
				D538528224A1A6870058827F /* UIColor+YTAdapter.h */,
				D538528124A1A6870058827F /* UIColor+YTAdapter.m */,
			);
			path = UIColor;
			sourceTree = "<group>";
		};
		BE8E34F62660B6B10056FAF8 /* NSBundle */ = {
			isa = PBXGroup;
			children = (
				7A5945D6247236B000E3EAC3 /* NSBundle+YTBundle.h */,
				7A5945D5247236B000E3EAC3 /* NSBundle+YTBundle.m */,
			);
			path = NSBundle;
			sourceTree = "<group>";
		};
		BE8E34F72660B6DD0056FAF8 /* UIImage */ = {
			isa = PBXGroup;
			children = (
				BE25D41426A7CE1900FF0C34 /* UIImage+YTQRCode.h */,
				BE25D41326A7CE1900FF0C34 /* UIImage+YTQRCode.m */,
				7A4B9629246E67A8002FBE60 /* UIImage+YTWaterMark.h */,
				7A4B962A246E67A8002FBE60 /* UIImage+YTWaterMark.m */,
			);
			path = UIImage;
			sourceTree = "<group>";
		};
		BE8E34F92660B7AC0056FAF8 /* NSObject */ = {
			isa = PBXGroup;
			children = (
				7AA45B5E246D0874002D9801 /* YTSystemAlertController.h */,
				7AA45B5F246D0874002D9801 /* YTSystemAlertController.m */,
				BEC992A5267C6F54004E430F /* YTCodeFactory.h */,
				BEC992A6267C6F54004E430F /* YTCodeFactory.m */,
			);
			path = NSObject;
			sourceTree = "<group>";
		};
		BEC992A1267C6824004E430F /* MacrosHeader */ = {
			isa = PBXGroup;
			children = (
				BE0CB17B26A128850085F815 /* YTMacrosHeader.h */,
				BE0CB18B26A148850085F815 /* Header */,
			);
			path = MacrosHeader;
			sourceTree = "<group>";
		};
		BEC992B7267C8275004E430F /* UILabel */ = {
			isa = PBXGroup;
			children = (
				BEC992B9267C828C004E430F /* UILabel+YTFastLabel.h */,
				BEC992B8267C828C004E430F /* UILabel+YTFastLabel.m */,
			);
			path = UILabel;
			sourceTree = "<group>";
		};
		D53852B824A1C1280058827F /* UIDesign */ = {
			isa = PBXGroup;
			children = (
				BE5981872672177E00999E64 /* YTUIDesign.h */,
				BE25D3FE26A18F2600FF0C34 /* PickerView */,
				BE5981862672173200999E64 /* KeyBoardTextField */,
				BE5981852672171A00999E64 /* AssistiveTouchView */,
				BE598184267216F200999E64 /* PlaceholderTextView */,
				BE598183267216DE00999E64 /* RotatingView */,
				BE598181267216BC00999E64 /* BezierDrawPath */,
			);
			path = UIDesign;
			sourceTree = "<group>";
		};
/* End PBXGroup section */

/* Begin PBXNativeTarget section */
		7AA45B51246D061A002D9801 /* YTDevelopTools */ = {
			isa = PBXNativeTarget;
			buildConfigurationList = 7AA45B5B246D061A002D9801 /* Build configuration list for PBXNativeTarget "YTDevelopTools" */;
			buildPhases = (
				7AA45B4E246D061A002D9801 /* Sources */,
				7AA45B4F246D061A002D9801 /* Frameworks */,
				7AA45B50246D061A002D9801 /* CopyFiles */,
			);
			buildRules = (
			);
			dependencies = (
			);
			name = YTDevelopTools;
			productName = YTDevelopTools;
			productReference = 7AA45B52246D061A002D9801 /* libYTDevelopTools.a */;
			productType = "com.apple.product-type.library.static";
		};
/* End PBXNativeTarget section */

/* Begin PBXProject section */
		7AA45B4A246D061A002D9801 /* Project object */ = {
			isa = PBXProject;
			attributes = {
				LastUpgradeCheck = 1250;
				ORGANIZATIONNAME = "";
				TargetAttributes = {
					7AA45B51246D061A002D9801 = {
						CreatedOnToolsVersion = 11.4.1;
					};
				};
			};
			buildConfigurationList = 7AA45B4D246D061A002D9801 /* Build configuration list for PBXProject "YTDevelopTools" */;
			compatibilityVersion = "Xcode 9.3";
			developmentRegion = en;
			hasScannedForEncodings = 0;
			knownRegions = (
				en,
				Base,
			);
			mainGroup = 7AA45B49246D061A002D9801;
			productRefGroup = 7AA45B53246D061A002D9801 /* Products */;
			projectDirPath = "";
			projectRoot = "";
			targets = (
				7AA45B51246D061A002D9801 /* YTDevelopTools */,
			);
		};
/* End PBXProject section */

/* Begin PBXSourcesBuildPhase section */
		7AA45B4E246D061A002D9801 /* Sources */ = {
			isa = PBXSourcesBuildPhase;
			buildActionMask = 2147483647;
			files = (
				BE0CB18A26A144120085F815 /* NSString+YTCheck.m in Sources */,
				D53852B424A1B6830058827F /* YTPermissionContacts.m in Sources */,
				D51583E524C5660A00A783B0 /* YTBezierDrawView.m in Sources */,
				BE0CB18326A12D300085F815 /* NSArray+YTSafe.m in Sources */,
				7AA45B60246D0874002D9801 /* YTSystemAlertController.m in Sources */,
				D53852B724A1BF620058827F /* YTPermissionEventKit.m in Sources */,
				BEC992A7267C6F54004E430F /* YTCodeFactory.m in Sources */,
				D53852B124A1B5AA0058827F /* YTPermissionPhotos.m in Sources */,
				BE0CB17A26A126F20085F815 /* UIView+YTShadowCorner.m in Sources */,
				BE25D40A26A6A3D100FF0C34 /* NSObject+YTRandom.m in Sources */,
				BE0CB19226A16E430085F815 /* NSString+YTSize.m in Sources */,
				7AE23C79248F5ADC00D5C07F /* YTPlaceholderTextView.m in Sources */,
				BE25D41526A7CE1900FF0C34 /* UIImage+YTQRCode.m in Sources */,
				D538528324A1A6870058827F /* UIColor+YTAdapter.m in Sources */,
				BE25D40626A18F2600FF0C34 /* YTSinglePickerView.m in Sources */,
				D51583E624C5660A00A783B0 /* YTBezierDrawPath.m in Sources */,
				7A4B962B246E67A8002FBE60 /* UIImage+YTWaterMark.m in Sources */,
				BE25D40726A18F2600FF0C34 /* YTDatePickerView.m in Sources */,
				BEC992BA267C828C004E430F /* UILabel+YTFastLabel.m in Sources */,
				D538528624A1A7590058827F /* YTAssistiveTouchView.m in Sources */,
				D53849F924A3271F0074120F /* YTRotatingImageView.m in Sources */,
				D5384A0224A338070074120F /* YTRotatingView.m in Sources */,
				D53852AE24A1B36A0058827F /* YTPermissionMediaPlayer.m in Sources */,
				7A839C552473F86000AC49ED /* YTKeyBoardView.m in Sources */,
				BE0CB18F26A16DAF0085F815 /* NSDateFormatter+YTFormatter.m in Sources */,
				7A5945D7247236B000E3EAC3 /* NSBundle+YTBundle.m in Sources */,
				BE25D40526A18F2600FF0C34 /* YTPickerBaseView.m in Sources */,
				7A839C542473F86000AC49ED /* YTKeyBoardTextField.m in Sources */,
			);
			runOnlyForDeploymentPostprocessing = 0;
		};
/* End PBXSourcesBuildPhase section */

/* Begin XCBuildConfiguration section */
		7AA45B59246D061A002D9801 /* Debug */ = {
			isa = XCBuildConfiguration;
			buildSettings = {
				ALWAYS_SEARCH_USER_PATHS = NO;
				CLANG_ANALYZER_NONNULL = YES;
				CLANG_ANALYZER_NUMBER_OBJECT_CONVERSION = YES_AGGRESSIVE;
				CLANG_CXX_LANGUAGE_STANDARD = "gnu++14";
				CLANG_CXX_LIBRARY = "libc++";
				CLANG_ENABLE_MODULES = YES;
				CLANG_ENABLE_OBJC_ARC = YES;
				CLANG_ENABLE_OBJC_WEAK = YES;
				CLANG_WARN_BLOCK_CAPTURE_AUTORELEASING = YES;
				CLANG_WARN_BOOL_CONVERSION = YES;
				CLANG_WARN_COMMA = YES;
				CLANG_WARN_CONSTANT_CONVERSION = YES;
				CLANG_WARN_DEPRECATED_OBJC_IMPLEMENTATIONS = YES;
				CLANG_WARN_DIRECT_OBJC_ISA_USAGE = YES_ERROR;
				CLANG_WARN_DOCUMENTATION_COMMENTS = YES;
				CLANG_WARN_EMPTY_BODY = YES;
				CLANG_WARN_ENUM_CONVERSION = YES;
				CLANG_WARN_INFINITE_RECURSION = YES;
				CLANG_WARN_INT_CONVERSION = YES;
				CLANG_WARN_NON_LITERAL_NULL_CONVERSION = YES;
				CLANG_WARN_OBJC_IMPLICIT_RETAIN_SELF = YES;
				CLANG_WARN_OBJC_LITERAL_CONVERSION = YES;
				CLANG_WARN_OBJC_ROOT_CLASS = YES_ERROR;
				CLANG_WARN_RANGE_LOOP_ANALYSIS = YES;
				CLANG_WARN_STRICT_PROTOTYPES = YES;
				CLANG_WARN_SUSPICIOUS_MOVE = YES;
				CLANG_WARN_UNGUARDED_AVAILABILITY = YES_AGGRESSIVE;
				CLANG_WARN_UNREACHABLE_CODE = YES;
				CLANG_WARN__DUPLICATE_METHOD_MATCH = YES;
				COPY_PHASE_STRIP = NO;
				DEBUG_INFORMATION_FORMAT = dwarf;
				ENABLE_STRICT_OBJC_MSGSEND = YES;
				ENABLE_TESTABILITY = YES;
				GCC_C_LANGUAGE_STANDARD = gnu11;
				GCC_DYNAMIC_NO_PIC = NO;
				GCC_NO_COMMON_BLOCKS = YES;
				GCC_OPTIMIZATION_LEVEL = 0;
				GCC_PREPROCESSOR_DEFINITIONS = (
					"DEBUG=1",
					"$(inherited)",
				);
				GCC_WARN_64_TO_32_BIT_CONVERSION = YES;
				GCC_WARN_ABOUT_RETURN_TYPE = YES_ERROR;
				GCC_WARN_UNDECLARED_SELECTOR = YES;
				GCC_WARN_UNINITIALIZED_AUTOS = YES_AGGRESSIVE;
				GCC_WARN_UNUSED_FUNCTION = YES;
				GCC_WARN_UNUSED_VARIABLE = YES;
				IPHONEOS_DEPLOYMENT_TARGET = 9.0;
				MTL_ENABLE_DEBUG_INFO = INCLUDE_SOURCE;
				MTL_FAST_MATH = YES;
				ONLY_ACTIVE_ARCH = YES;
				SDKROOT = iphoneos;
			};
			name = Debug;
		};
		7AA45B5A246D061A002D9801 /* Release */ = {
			isa = XCBuildConfiguration;
			buildSettings = {
				ALWAYS_SEARCH_USER_PATHS = NO;
				CLANG_ANALYZER_NONNULL = YES;
				CLANG_ANALYZER_NUMBER_OBJECT_CONVERSION = YES_AGGRESSIVE;
				CLANG_CXX_LANGUAGE_STANDARD = "gnu++14";
				CLANG_CXX_LIBRARY = "libc++";
				CLANG_ENABLE_MODULES = YES;
				CLANG_ENABLE_OBJC_ARC = YES;
				CLANG_ENABLE_OBJC_WEAK = YES;
				CLANG_WARN_BLOCK_CAPTURE_AUTORELEASING = YES;
				CLANG_WARN_BOOL_CONVERSION = YES;
				CLANG_WARN_COMMA = YES;
				CLANG_WARN_CONSTANT_CONVERSION = YES;
				CLANG_WARN_DEPRECATED_OBJC_IMPLEMENTATIONS = YES;
				CLANG_WARN_DIRECT_OBJC_ISA_USAGE = YES_ERROR;
				CLANG_WARN_DOCUMENTATION_COMMENTS = YES;
				CLANG_WARN_EMPTY_BODY = YES;
				CLANG_WARN_ENUM_CONVERSION = YES;
				CLANG_WARN_INFINITE_RECURSION = YES;
				CLANG_WARN_INT_CONVERSION = YES;
				CLANG_WARN_NON_LITERAL_NULL_CONVERSION = YES;
				CLANG_WARN_OBJC_IMPLICIT_RETAIN_SELF = YES;
				CLANG_WARN_OBJC_LITERAL_CONVERSION = YES;
				CLANG_WARN_OBJC_ROOT_CLASS = YES_ERROR;
				CLANG_WARN_RANGE_LOOP_ANALYSIS = YES;
				CLANG_WARN_STRICT_PROTOTYPES = YES;
				CLANG_WARN_SUSPICIOUS_MOVE = YES;
				CLANG_WARN_UNGUARDED_AVAILABILITY = YES_AGGRESSIVE;
				CLANG_WARN_UNREACHABLE_CODE = YES;
				CLANG_WARN__DUPLICATE_METHOD_MATCH = YES;
				COPY_PHASE_STRIP = NO;
				DEBUG_INFORMATION_FORMAT = "dwarf-with-dsym";
				ENABLE_NS_ASSERTIONS = NO;
				ENABLE_STRICT_OBJC_MSGSEND = YES;
				GCC_C_LANGUAGE_STANDARD = gnu11;
				GCC_NO_COMMON_BLOCKS = YES;
				GCC_WARN_64_TO_32_BIT_CONVERSION = YES;
				GCC_WARN_ABOUT_RETURN_TYPE = YES_ERROR;
				GCC_WARN_UNDECLARED_SELECTOR = YES;
				GCC_WARN_UNINITIALIZED_AUTOS = YES_AGGRESSIVE;
				GCC_WARN_UNUSED_FUNCTION = YES;
				GCC_WARN_UNUSED_VARIABLE = YES;
				IPHONEOS_DEPLOYMENT_TARGET = 9.0;
				MTL_ENABLE_DEBUG_INFO = NO;
				MTL_FAST_MATH = YES;
				SDKROOT = iphoneos;
				VALIDATE_PRODUCT = YES;
			};
			name = Release;
		};
		7AA45B5C246D061A002D9801 /* Debug */ = {
			isa = XCBuildConfiguration;
			buildSettings = {
				CODE_SIGN_STYLE = Automatic;
				DEVELOPMENT_TEAM = KTS2AWUZL8;
				HEADER_SEARCH_PATHS = "\"$(SRCROOT)/YTDevelopTools/YTDevelopTools.h\"";
				OTHER_LDFLAGS = "-ObjC";
				PRODUCT_NAME = "$(TARGET_NAME)";
				SKIP_INSTALL = YES;
				TARGETED_DEVICE_FAMILY = "1,2";
			};
			name = Debug;
		};
		7AA45B5D246D061A002D9801 /* Release */ = {
			isa = XCBuildConfiguration;
			buildSettings = {
				CODE_SIGN_STYLE = Automatic;
				DEVELOPMENT_TEAM = KTS2AWUZL8;
				HEADER_SEARCH_PATHS = "\"$(SRCROOT)/YTDevelopTools/YTDevelopTools.h\"";
				OTHER_LDFLAGS = "-ObjC";
				PRODUCT_NAME = "$(TARGET_NAME)";
				SKIP_INSTALL = YES;
				TARGETED_DEVICE_FAMILY = "1,2";
			};
			name = Release;
		};
/* End XCBuildConfiguration section */

/* Begin XCConfigurationList section */
		7AA45B4D246D061A002D9801 /* Build configuration list for PBXProject "YTDevelopTools" */ = {
			isa = XCConfigurationList;
			buildConfigurations = (
				7AA45B59246D061A002D9801 /* Debug */,
				7AA45B5A246D061A002D9801 /* Release */,
			);
			defaultConfigurationIsVisible = 0;
			defaultConfigurationName = Release;
		};
		7AA45B5B246D061A002D9801 /* Build configuration list for PBXNativeTarget "YTDevelopTools" */ = {
			isa = XCConfigurationList;
			buildConfigurations = (
				7AA45B5C246D061A002D9801 /* Debug */,
				7AA45B5D246D061A002D9801 /* Release */,
			);
			defaultConfigurationIsVisible = 0;
			defaultConfigurationName = Release;
		};
/* End XCConfigurationList section */
	};
	rootObject = 7AA45B4A246D061A002D9801 /* Project object */;
}
